// !$*UTF8*$!
{
	archiveVersion = 1;
	classes = {
	};
	objectVersion = 46;
	objects = {

/* Begin PBXBuildFile section */
		29A8702985234BD6A0D35324 /* libPods.a in Frameworks */ = {isa = PBXBuildFile; fileRef = AEBC86FCCE694CC49064725E /* libPods.a */; };
		BB8658EE196E433600738BC9 /* PhotoViewController.m in Sources */ = {isa = PBXBuildFile; fileRef = BB8658EC196E433600738BC9 /* PhotoViewController.m */; };
		BB8658EF196E433600738BC9 /* PhotoViewController.xib in Resources */ = {isa = PBXBuildFile; fileRef = BB8658ED196E433600738BC9 /* PhotoViewController.xib */; };
		BBB7C87C196E2EFA002CDE41 /* Foundation.framework in Frameworks */ = {isa = PBXBuildFile; fileRef = BBB7C87B196E2EFA002CDE41 /* Foundation.framework */; };
		BBB7C87E196E2EFA002CDE41 /* CoreGraphics.framework in Frameworks */ = {isa = PBXBuildFile; fileRef = BBB7C87D196E2EFA002CDE41 /* CoreGraphics.framework */; };
		BBB7C880196E2EFA002CDE41 /* UIKit.framework in Frameworks */ = {isa = PBXBuildFile; fileRef = BBB7C87F196E2EFA002CDE41 /* UIKit.framework */; };
		BBB7C886196E2EFA002CDE41 /* InfoPlist.strings in Resources */ = {isa = PBXBuildFile; fileRef = BBB7C884196E2EFA002CDE41 /* InfoPlist.strings */; };
		BBB7C888196E2EFA002CDE41 /* main.m in Sources */ = {isa = PBXBuildFile; fileRef = BBB7C887196E2EFA002CDE41 /* main.m */; };
		BBB7C88C196E2EFA002CDE41 /* AppDelegate.m in Sources */ = {isa = PBXBuildFile; fileRef = BBB7C88B196E2EFA002CDE41 /* AppDelegate.m */; };
		BBB7C88E196E2EFA002CDE41 /* Images.xcassets in Resources */ = {isa = PBXBuildFile; fileRef = BBB7C88D196E2EFA002CDE41 /* Images.xcassets */; };
		BBB7C895196E2EFB002CDE41 /* XCTest.framework in Frameworks */ = {isa = PBXBuildFile; fileRef = BBB7C894196E2EFB002CDE41 /* XCTest.framework */; };
		BBB7C896196E2EFB002CDE41 /* Foundation.framework in Frameworks */ = {isa = PBXBuildFile; fileRef = BBB7C87B196E2EFA002CDE41 /* Foundation.framework */; };
		BBB7C897196E2EFB002CDE41 /* UIKit.framework in Frameworks */ = {isa = PBXBuildFile; fileRef = BBB7C87F196E2EFA002CDE41 /* UIKit.framework */; };
		BBB7C89F196E2EFB002CDE41 /* InfoPlist.strings in Resources */ = {isa = PBXBuildFile; fileRef = BBB7C89D196E2EFB002CDE41 /* InfoPlist.strings */; };
		BBB7C8A1196E2EFB002CDE41 /* bigtabledemoTests.m in Sources */ = {isa = PBXBuildFile; fileRef = BBB7C8A0196E2EFB002CDE41 /* bigtabledemoTests.m */; };
		BBB7C8AD196E2F42002CDE41 /* MainViewController.m in Sources */ = {isa = PBXBuildFile; fileRef = BBB7C8AB196E2F42002CDE41 /* MainViewController.m */; };
		BBB7C8AE196E2F42002CDE41 /* MainViewController.xib in Resources */ = {isa = PBXBuildFile; fileRef = BBB7C8AC196E2F42002CDE41 /* MainViewController.xib */; };
		BBB7C8B2196E3383002CDE41 /* UserCell.m in Sources */ = {isa = PBXBuildFile; fileRef = BBB7C8B0196E3383002CDE41 /* UserCell.m */; };
		BBB7C8B3196E3383002CDE41 /* UserCell.xib in Resources */ = {isa = PBXBuildFile; fileRef = BBB7C8B1196E3383002CDE41 /* UserCell.xib */; };
		BBB7C8B7196E3E3D002CDE41 /* PhotoCell.m in Sources */ = {isa = PBXBuildFile; fileRef = BBB7C8B5196E3E3D002CDE41 /* PhotoCell.m */; };
		BBB7C8B8196E3E3D002CDE41 /* PhotoCell.xib in Resources */ = {isa = PBXBuildFile; fileRef = BBB7C8B6196E3E3D002CDE41 /* PhotoCell.xib */; };
/* End PBXBuildFile section */

/* Begin PBXContainerItemProxy section */
		BBB7C898196E2EFB002CDE41 /* PBXContainerItemProxy */ = {
			isa = PBXContainerItemProxy;
			containerPortal = BBB7C870196E2EFA002CDE41 /* Project object */;
			proxyType = 1;
			remoteGlobalIDString = BBB7C877196E2EFA002CDE41;
			remoteInfo = bigtabledemo;
		};
/* End PBXContainerItemProxy section */

/* Begin PBXFileReference section */
		AEBC86FCCE694CC49064725E /* libPods.a */ = {isa = PBXFileReference; explicitFileType = archive.ar; includeInIndex = 0; path = libPods.a; sourceTree = BUILT_PRODUCTS_DIR; };
		BB8658EB196E433600738BC9 /* PhotoViewController.h */ = {isa = PBXFileReference; fileEncoding = 4; lastKnownFileType = sourcecode.c.h; path = PhotoViewController.h; sourceTree = "<group>"; };
		BB8658EC196E433600738BC9 /* PhotoViewController.m */ = {isa = PBXFileReference; fileEncoding = 4; lastKnownFileType = sourcecode.c.objc; path = PhotoViewController.m; sourceTree = "<group>"; };
		BB8658ED196E433600738BC9 /* PhotoViewController.xib */ = {isa = PBXFileReference; fileEncoding = 4; lastKnownFileType = file.xib; path = PhotoViewController.xib; sourceTree = "<group>"; };
		BBB7C878196E2EFA002CDE41 /* bigtabledemo.app */ = {isa = PBXFileReference; explicitFileType = wrapper.application; includeInIndex = 0; path = bigtabledemo.app; sourceTree = BUILT_PRODUCTS_DIR; };
		BBB7C87B196E2EFA002CDE41 /* Foundation.framework */ = {isa = PBXFileReference; lastKnownFileType = wrapper.framework; name = Foundation.framework; path = System/Library/Frameworks/Foundation.framework; sourceTree = SDKROOT; };
		BBB7C87D196E2EFA002CDE41 /* CoreGraphics.framework */ = {isa = PBXFileReference; lastKnownFileType = wrapper.framework; name = CoreGraphics.framework; path = System/Library/Frameworks/CoreGraphics.framework; sourceTree = SDKROOT; };
		BBB7C87F196E2EFA002CDE41 /* UIKit.framework */ = {isa = PBXFileReference; lastKnownFileType = wrapper.framework; name = UIKit.framework; path = System/Library/Frameworks/UIKit.framework; sourceTree = SDKROOT; };
		BBB7C883196E2EFA002CDE41 /* bigtabledemo-Info.plist */ = {isa = PBXFileReference; lastKnownFileType = text.plist.xml; path = "bigtabledemo-Info.plist"; sourceTree = "<group>"; };
		BBB7C885196E2EFA002CDE41 /* en */ = {isa = PBXFileReference; lastKnownFileType = text.plist.strings; name = en; path = en.lproj/InfoPlist.strings; sourceTree = "<group>"; };
		BBB7C887196E2EFA002CDE41 /* main.m */ = {isa = PBXFileReference; lastKnownFileType = sourcecode.c.objc; path = main.m; sourceTree = "<group>"; };
		BBB7C889196E2EFA002CDE41 /* bigtabledemo-Prefix.pch */ = {isa = PBXFileReference; lastKnownFileType = sourcecode.c.h; path = "bigtabledemo-Prefix.pch"; sourceTree = "<group>"; };
		BBB7C88A196E2EFA002CDE41 /* AppDelegate.h */ = {isa = PBXFileReference; lastKnownFileType = sourcecode.c.h; path = AppDelegate.h; sourceTree = "<group>"; };
		BBB7C88B196E2EFA002CDE41 /* AppDelegate.m */ = {isa = PBXFileReference; lastKnownFileType = sourcecode.c.objc; path = AppDelegate.m; sourceTree = "<group>"; };
		BBB7C88D196E2EFA002CDE41 /* Images.xcassets */ = {isa = PBXFileReference; lastKnownFileType = folder.assetcatalog; path = Images.xcassets; sourceTree = "<group>"; };
		BBB7C893196E2EFB002CDE41 /* bigtabledemoTests.xctest */ = {isa = PBXFileReference; explicitFileType = wrapper.cfbundle; includeInIndex = 0; path = bigtabledemoTests.xctest; sourceTree = BUILT_PRODUCTS_DIR; };
		BBB7C894196E2EFB002CDE41 /* XCTest.framework */ = {isa = PBXFileReference; lastKnownFileType = wrapper.framework; name = XCTest.framework; path = Library/Frameworks/XCTest.framework; sourceTree = DEVELOPER_DIR; };
		BBB7C89C196E2EFB002CDE41 /* bigtabledemoTests-Info.plist */ = {isa = PBXFileReference; lastKnownFileType = text.plist.xml; path = "bigtabledemoTests-Info.plist"; sourceTree = "<group>"; };
		BBB7C89E196E2EFB002CDE41 /* en */ = {isa = PBXFileReference; lastKnownFileType = text.plist.strings; name = en; path = en.lproj/InfoPlist.strings; sourceTree = "<group>"; };
		BBB7C8A0196E2EFB002CDE41 /* bigtabledemoTests.m */ = {isa = PBXFileReference; lastKnownFileType = sourcecode.c.objc; path = bigtabledemoTests.m; sourceTree = "<group>"; };
		BBB7C8AA196E2F42002CDE41 /* MainViewController.h */ = {isa = PBXFileReference; fileEncoding = 4; lastKnownFileType = sourcecode.c.h; path = MainViewController.h; sourceTree = "<group>"; };
		BBB7C8AB196E2F42002CDE41 /* MainViewController.m */ = {isa = PBXFileReference; fileEncoding = 4; lastKnownFileType = sourcecode.c.objc; path = MainViewController.m; sourceTree = "<group>"; };
		BBB7C8AC196E2F42002CDE41 /* MainViewController.xib */ = {isa = PBXFileReference; fileEncoding = 4; lastKnownFileType = file.xib; path = MainViewController.xib; sourceTree = "<group>"; };
		BBB7C8AF196E3383002CDE41 /* UserCell.h */ = {isa = PBXFileReference; fileEncoding = 4; lastKnownFileType = sourcecode.c.h; path = UserCell.h; sourceTree = "<group>"; };
		BBB7C8B0196E3383002CDE41 /* UserCell.m */ = {isa = PBXFileReference; fileEncoding = 4; lastKnownFileType = sourcecode.c.objc; path = UserCell.m; sourceTree = "<group>"; };
		BBB7C8B1196E3383002CDE41 /* UserCell.xib */ = {isa = PBXFileReference; fileEncoding = 4; lastKnownFileType = file.xib; path = UserCell.xib; sourceTree = "<group>"; };
		BBB7C8B4196E3E3D002CDE41 /* PhotoCell.h */ = {isa = PBXFileReference; fileEncoding = 4; lastKnownFileType = sourcecode.c.h; path = PhotoCell.h; sourceTree = "<group>"; };
		BBB7C8B5196E3E3D002CDE41 /* PhotoCell.m */ = {isa = PBXFileReference; fileEncoding = 4; lastKnownFileType = sourcecode.c.objc; path = PhotoCell.m; sourceTree = "<group>"; };
		BBB7C8B6196E3E3D002CDE41 /* PhotoCell.xib */ = {isa = PBXFileReference; fileEncoding = 4; lastKnownFileType = file.xib; path = PhotoCell.xib; sourceTree = "<group>"; };
		E197C988C7644FA6BE99DD67 /* Pods.xcconfig */ = {isa = PBXFileReference; includeInIndex = 1; lastKnownFileType = text.xcconfig; name = Pods.xcconfig; path = Pods/Pods.xcconfig; sourceTree = "<group>"; };
/* End PBXFileReference section */

/* Begin PBXFrameworksBuildPhase section */
		BBB7C875196E2EFA002CDE41 /* Frameworks */ = {
			isa = PBXFrameworksBuildPhase;
			buildActionMask = 2147483647;
			files = (
				BBB7C87E196E2EFA002CDE41 /* CoreGraphics.framework in Frameworks */,
				BBB7C880196E2EFA002CDE41 /* UIKit.framework in Frameworks */,
				BBB7C87C196E2EFA002CDE41 /* Foundation.framework in Frameworks */,
				29A8702985234BD6A0D35324 /* libPods.a in Frameworks */,
			);
			runOnlyForDeploymentPostprocessing = 0;
		};
		BBB7C890196E2EFB002CDE41 /* Frameworks */ = {
			isa = PBXFrameworksBuildPhase;
			buildActionMask = 2147483647;
			files = (
				BBB7C895196E2EFB002CDE41 /* XCTest.framework in Frameworks */,
				BBB7C897196E2EFB002CDE41 /* UIKit.framework in Frameworks */,
				BBB7C896196E2EFB002CDE41 /* Foundation.framework in Frameworks */,
			);
			runOnlyForDeploymentPostprocessing = 0;
		};
/* End PBXFrameworksBuildPhase section */

/* Begin PBXGroup section */
		BBB7C86F196E2EFA002CDE41 = {
			isa = PBXGroup;
			children = (
				BBB7C881196E2EFA002CDE41 /* bigtabledemo */,
				BBB7C89A196E2EFB002CDE41 /* bigtabledemoTests */,
				BBB7C87A196E2EFA002CDE41 /* Frameworks */,
				BBB7C879196E2EFA002CDE41 /* Products */,
				E197C988C7644FA6BE99DD67 /* Pods.xcconfig */,
			);
			sourceTree = "<group>";
		};
		BBB7C879196E2EFA002CDE41 /* Products */ = {
			isa = PBXGroup;
			children = (
				BBB7C878196E2EFA002CDE41 /* bigtabledemo.app */,
				BBB7C893196E2EFB002CDE41 /* bigtabledemoTests.xctest */,
			);
			name = Products;
			sourceTree = "<group>";
		};
		BBB7C87A196E2EFA002CDE41 /* Frameworks */ = {
			isa = PBXGroup;
			children = (
				BBB7C87B196E2EFA002CDE41 /* Foundation.framework */,
				BBB7C87D196E2EFA002CDE41 /* CoreGraphics.framework */,
				BBB7C87F196E2EFA002CDE41 /* UIKit.framework */,
				BBB7C894196E2EFB002CDE41 /* XCTest.framework */,
				AEBC86FCCE694CC49064725E /* libPods.a */,
			);
			name = Frameworks;
			sourceTree = "<group>";
		};
		BBB7C881196E2EFA002CDE41 /* bigtabledemo */ = {
			isa = PBXGroup;
			children = (
				BBB7C88A196E2EFA002CDE41 /* AppDelegate.h */,
				BBB7C88B196E2EFA002CDE41 /* AppDelegate.m */,
				BB8658EB196E433600738BC9 /* PhotoViewController.h */,
				BB8658EC196E433600738BC9 /* PhotoViewController.m */,
				BB8658ED196E433600738BC9 /* PhotoViewController.xib */,
				BBB7C8AA196E2F42002CDE41 /* MainViewController.h */,
				BBB7C8AB196E2F42002CDE41 /* MainViewController.m */,
				BBB7C8AC196E2F42002CDE41 /* MainViewController.xib */,
				BBB7C8B4196E3E3D002CDE41 /* PhotoCell.h */,
				BBB7C8B5196E3E3D002CDE41 /* PhotoCell.m */,
				BBB7C8B6196E3E3D002CDE41 /* PhotoCell.xib */,
				BBB7C8AF196E3383002CDE41 /* UserCell.h */,
				BBB7C8B0196E3383002CDE41 /* UserCell.m */,
				BBB7C8B1196E3383002CDE41 /* UserCell.xib */,
				BBB7C88D196E2EFA002CDE41 /* Images.xcassets */,
				BBB7C882196E2EFA002CDE41 /* Supporting Files */,
			);
			path = bigtabledemo;
			sourceTree = "<group>";
		};
		BBB7C882196E2EFA002CDE41 /* Supporting Files */ = {
			isa = PBXGroup;
			children = (
				BBB7C883196E2EFA002CDE41 /* bigtabledemo-Info.plist */,
				BBB7C884196E2EFA002CDE41 /* InfoPlist.strings */,
				BBB7C887196E2EFA002CDE41 /* main.m */,
				BBB7C889196E2EFA002CDE41 /* bigtabledemo-Prefix.pch */,
			);
			name = "Supporting Files";
			sourceTree = "<group>";
		};
		BBB7C89A196E2EFB002CDE41 /* bigtabledemoTests */ = {
			isa = PBXGroup;
			children = (
				BBB7C8A0196E2EFB002CDE41 /* bigtabledemoTests.m */,
				BBB7C89B196E2EFB002CDE41 /* Supporting Files */,
			);
			path = bigtabledemoTests;
			sourceTree = "<group>";
		};
		BBB7C89B196E2EFB002CDE41 /* Supporting Files */ = {
			isa = PBXGroup;
			children = (
				BBB7C89C196E2EFB002CDE41 /* bigtabledemoTests-Info.plist */,
				BBB7C89D196E2EFB002CDE41 /* InfoPlist.strings */,
			);
			name = "Supporting Files";
			sourceTree = "<group>";
		};
/* End PBXGroup section */

/* Begin PBXNativeTarget section */
		BBB7C877196E2EFA002CDE41 /* bigtabledemo */ = {
			isa = PBXNativeTarget;
			buildConfigurationList = BBB7C8A4196E2EFB002CDE41 /* Build configuration list for PBXNativeTarget "bigtabledemo" */;
			buildPhases = (
				9F2E17FA583B4D73A4E93978 /* Check Pods Manifest.lock */,
				BBB7C874196E2EFA002CDE41 /* Sources */,
				BBB7C875196E2EFA002CDE41 /* Frameworks */,
				BBB7C876196E2EFA002CDE41 /* Resources */,
				561706785EC048078C860E21 /* Copy Pods Resources */,
			);
			buildRules = (
			);
			dependencies = (
			);
			name = bigtabledemo;
			productName = bigtabledemo;
			productReference = BBB7C878196E2EFA002CDE41 /* bigtabledemo.app */;
			productType = "com.apple.product-type.application";
		};
		BBB7C892196E2EFB002CDE41 /* bigtabledemoTests */ = {
			isa = PBXNativeTarget;
			buildConfigurationList = BBB7C8A7196E2EFB002CDE41 /* Build configuration list for PBXNativeTarget "bigtabledemoTests" */;
			buildPhases = (
				BBB7C88F196E2EFB002CDE41 /* Sources */,
				BBB7C890196E2EFB002CDE41 /* Frameworks */,
				BBB7C891196E2EFB002CDE41 /* Resources */,
			);
			buildRules = (
			);
			dependencies = (
				BBB7C899196E2EFB002CDE41 /* PBXTargetDependency */,
			);
			name = bigtabledemoTests;
			productName = bigtabledemoTests;
			productReference = BBB7C893196E2EFB002CDE41 /* bigtabledemoTests.xctest */;
			productType = "com.apple.product-type.bundle.unit-test";
		};
/* End PBXNativeTarget section */

/* Begin PBXProject section */
		BBB7C870196E2EFA002CDE41 /* Project object */ = {
			isa = PBXProject;
			attributes = {
				LastUpgradeCheck = 0510;
				ORGANIZATIONNAME = "Anthony Sherbondy";
				TargetAttributes = {
					BBB7C892196E2EFB002CDE41 = {
						TestTargetID = BBB7C877196E2EFA002CDE41;
					};
				};
			};
			buildConfigurationList = BBB7C873196E2EFA002CDE41 /* Build configuration list for PBXProject "bigtabledemo" */;
			compatibilityVersion = "Xcode 3.2";
			developmentRegion = English;
			hasScannedForEncodings = 0;
			knownRegions = (
				en,
			);
			mainGroup = BBB7C86F196E2EFA002CDE41;
			productRefGroup = BBB7C879196E2EFA002CDE41 /* Products */;
			projectDirPath = "";
			projectRoot = "";
			targets = (
				BBB7C877196E2EFA002CDE41 /* bigtabledemo */,
				BBB7C892196E2EFB002CDE41 /* bigtabledemoTests */,
			);
		};
/* End PBXProject section */

/* Begin PBXResourcesBuildPhase section */
		BBB7C876196E2EFA002CDE41 /* Resources */ = {
			isa = PBXResourcesBuildPhase;
			buildActionMask = 2147483647;
			files = (
				BBB7C8B3196E3383002CDE41 /* UserCell.xib in Resources */,
				BBB7C886196E2EFA002CDE41 /* InfoPlist.strings in Resources */,
				BBB7C8AE196E2F42002CDE41 /* MainViewController.xib in Resources */,
				BB8658EF196E433600738BC9 /* PhotoViewController.xib in Resources */,
				BBB7C88E196E2EFA002CDE41 /* Images.xcassets in Resources */,
				BBB7C8B8196E3E3D002CDE41 /* PhotoCell.xib in Resources */,
			);
			runOnlyForDeploymentPostprocessing = 0;
		};
		BBB7C891196E2EFB002CDE41 /* Resources */ = {
			isa = PBXResourcesBuildPhase;
			buildActionMask = 2147483647;
			files = (
				BBB7C89F196E2EFB002CDE41 /* InfoPlist.strings in Resources */,
			);
			runOnlyForDeploymentPostprocessing = 0;
		};
/* End PBXResourcesBuildPhase section */

/* Begin PBXShellScriptBuildPhase section */
		561706785EC048078C860E21 /* Copy Pods Resources */ = {
			isa = PBXShellScriptBuildPhase;
			buildActionMask = 2147483647;
			files = (
			);
			inputPaths = (
			);
			name = "Copy Pods Resources";
			outputPaths = (
			);
			runOnlyForDeploymentPostprocessing = 0;
			shellPath = /bin/sh;
			shellScript = "\"${SRCROOT}/Pods/Pods-resources.sh\"\n";
			showEnvVarsInLog = 0;
		};
		9F2E17FA583B4D73A4E93978 /* Check Pods Manifest.lock */ = {
			isa = PBXShellScriptBuildPhase;
			buildActionMask = 2147483647;
			files = (
			);
			inputPaths = (
			);
			name = "Check Pods Manifest.lock";
			outputPaths = (
			);
			runOnlyForDeploymentPostprocessing = 0;
			shellPath = /bin/sh;
			shellScript = "diff \"${PODS_ROOT}/../Podfile.lock\" \"${PODS_ROOT}/Manifest.lock\" > /dev/null\nif [[ $? != 0 ]] ; then\n    cat << EOM\nerror: The sandbox is not in sync with the Podfile.lock. Run 'pod install' or update your CocoaPods installation.\nEOM\n    exit 1\nfi\n";
			showEnvVarsInLog = 0;
		};
/* End PBXShellScriptBuildPhase section */

/* Begin PBXSourcesBuildPhase section */
		BBB7C874196E2EFA002CDE41 /* Sources */ = {
			isa = PBXSourcesBuildPhase;
			buildActionMask = 2147483647;
			files = (
				BBB7C8B2196E3383002CDE41 /* UserCell.m in Sources */,
				BBB7C8B7196E3E3D002CDE41 /* PhotoCell.m in Sources */,
				BBB7C88C196E2EFA002CDE41 /* AppDelegate.m in Sources */,
				BB8658EE196E433600738BC9 /* PhotoViewController.m in Sources */,
				BBB7C8AD196E2F42002CDE41 /* MainViewController.m in Sources */,
				BBB7C888196E2EFA002CDE41 /* main.m in Sources */,
			);
			runOnlyForDeploymentPostprocessing = 0;
		};
		BBB7C88F196E2EFB002CDE41 /* Sources */ = {
			isa = PBXSourcesBuildPhase;
			buildActionMask = 2147483647;
			files = (
				BBB7C8A1196E2EFB002CDE41 /* bigtabledemoTests.m in Sources */,
			);
			runOnlyForDeploymentPostprocessing = 0;
		};
/* End PBXSourcesBuildPhase section */

/* Begin PBXTargetDependency section */
		BBB7C899196E2EFB002CDE41 /* PBXTargetDependency */ = {
			isa = PBXTargetDependency;
			target = BBB7C877196E2EFA002CDE41 /* bigtabledemo */;
			targetProxy = BBB7C898196E2EFB002CDE41 /* PBXContainerItemProxy */;
		};
/* End PBXTargetDependency section */

/* Begin PBXVariantGroup section */
		BBB7C884196E2EFA002CDE41 /* InfoPlist.strings */ = {
			isa = PBXVariantGroup;
			children = (
				BBB7C885196E2EFA002CDE41 /* en */,
			);
			name = InfoPlist.strings;
			sourceTree = "<group>";
		};
		BBB7C89D196E2EFB002CDE41 /* InfoPlist.strings */ = {
			isa = PBXVariantGroup;
			children = (
				BBB7C89E196E2EFB002CDE41 /* en */,
			);
			name = InfoPlist.strings;
			sourceTree = "<group>";
		};
/* End PBXVariantGroup section */

/* Begin XCBuildConfiguration section */
		BBB7C8A2196E2EFB002CDE41 /* Debug */ = {
			isa = XCBuildConfiguration;
			buildSettings = {
				ALWAYS_SEARCH_USER_PATHS = NO;
				CLANG_CXX_LANGUAGE_STANDARD = "gnu++0x";
				CLANG_CXX_LIBRARY = "libc++";
				CLANG_ENABLE_MODULES = YES;
				CLANG_ENABLE_OBJC_ARC = YES;
				CLANG_WARN_BOOL_CONVERSION = YES;
				CLANG_WARN_CONSTANT_CONVERSION = YES;
				CLANG_WARN_DIRECT_OBJC_ISA_USAGE = YES_ERROR;
				CLANG_WARN_EMPTY_BODY = YES;
				CLANG_WARN_ENUM_CONVERSION = YES;
				CLANG_WARN_INT_CONVERSION = YES;
				CLANG_WARN_OBJC_ROOT_CLASS = YES_ERROR;
				CLANG_WARN__DUPLICATE_METHOD_MATCH = YES;
				"CODE_SIGN_IDENTITY[sdk=iphoneos*]" = "iPhone Developer";
				COPY_PHASE_STRIP = NO;
				GCC_C_LANGUAGE_STANDARD = gnu99;
				GCC_DYNAMIC_NO_PIC = NO;
				GCC_OPTIMIZATION_LEVEL = 0;
				GCC_PREPROCESSOR_DEFINITIONS = (
					"DEBUG=1",
					"$(inherited)",
				);
				GCC_SYMBOLS_PRIVATE_EXTERN = NO;
				GCC_WARN_64_TO_32_BIT_CONVERSION = YES;
				GCC_WARN_ABOUT_RETURN_TYPE = YES_ERROR;
				GCC_WARN_UNDECLARED_SELECTOR = YES;
				GCC_WARN_UNINITIALIZED_AUTOS = YES_AGGRESSIVE;
				GCC_WARN_UNUSED_FUNCTION = YES;
				GCC_WARN_UNUSED_VARIABLE = YES;
				IPHONEOS_DEPLOYMENT_TARGET = 7.1;
				ONLY_ACTIVE_ARCH = YES;
				SDKROOT = iphoneos;
			};
			name = Debug;
		};
		BBB7C8A3196E2EFB002CDE41 /* Release */ = {
			isa = XCBuildConfiguration;
			buildSettings = {
				ALWAYS_SEARCH_USER_PATHS = NO;
				CLANG_CXX_LANGUAGE_STANDARD = "gnu++0x";
				CLANG_CXX_LIBRARY = "libc++";
				CLANG_ENABLE_MODULES = YES;
				CLANG_ENABLE_OBJC_ARC = YES;
				CLANG_WARN_BOOL_CONVERSION = YES;
				CLANG_WARN_CONSTANT_CONVERSION = YES;
				CLANG_WARN_DIRECT_OBJC_ISA_USAGE = YES_ERROR;
				CLANG_WARN_EMPTY_BODY = YES;
				CLANG_WARN_ENUM_CONVERSION = YES;
				CLANG_WARN_INT_CONVERSION = YES;
				CLANG_WARN_OBJC_ROOT_CLASS = YES_ERROR;
				CLANG_WARN__DUPLICATE_METHOD_MATCH = YES;
				"CODE_SIGN_IDENTITY[sdk=iphoneos*]" = "iPhone Developer";
				COPY_PHASE_STRIP = YES;
				ENABLE_NS_ASSERTIONS = NO;
				GCC_C_LANGUAGE_STANDARD = gnu99;
				GCC_WARN_64_TO_32_BIT_CONVERSION = YES;
				GCC_WARN_ABOUT_RETURN_TYPE = YES_ERROR;
				GCC_WARN_UNDECLARED_SELECTOR = YES;
				GCC_WARN_UNINITIALIZED_AUTOS = YES_AGGRESSIVE;
				GCC_WARN_UNUSED_FUNCTION = YES;
				GCC_WARN_UNUSED_VARIABLE = YES;
				IPHONEOS_DEPLOYMENT_TARGET = 7.1;
				SDKROOT = iphoneos;
				VALIDATE_PRODUCT = YES;
			};
			name = Release;
		};
		BBB7C8A5196E2EFB002CDE41 /* Debug */ = {
			isa = XCBuildConfiguration;
			baseConfigurationReference = E197C988C7644FA6BE99DD67 /* Pods.xcconfig */;
			buildSettings = {
				ASSETCATALOG_COMPILER_APPICON_NAME = AppIcon;
				ASSETCATALOG_COMPILER_LAUNCHIMAGE_NAME = LaunchImage;
				GCC_PRECOMPILE_PREFIX_HEADER = YES;
				GCC_PREFIX_HEADER = "bigtabledemo/bigtabledemo-Prefix.pch";
				INFOPLIST_FILE = "bigtabledemo/bigtabledemo-Info.plist";
				PRODUCT_NAME = "$(TARGET_NAME)";
				WRAPPER_EXTENSION = app;
			};
			name = Debug;
		};
		BBB7C8A6196E2EFB002CDE41 /* Release */ = {
			isa = XCBuildConfiguration;
			baseConfigurationReference = E197C988C7644FA6BE99DD67 /* Pods.xcconfig */;
			buildSettings = {
				ASSETCATALOG_COMPILER_APPICON_NAME = AppIcon;
				ASSETCATALOG_COMPILER_LAUNCHIMAGE_NAME = LaunchImage;
				GCC_PRECOMPILE_PREFIX_HEADER = YES;
				GCC_PREFIX_HEADER = "bigtabledemo/bigtabledemo-Prefix.pch";
				INFOPLIST_FILE = "bigtabledemo/bigtabledemo-Info.plist";
				PRODUCT_NAME = "$(TARGET_NAME)";
				WRAPPER_EXTENSION = app;
			};
			name = Release;
		};
		BBB7C8A8196E2EFB002CDE41 /* Debug */ = {
			isa = XCBuildConfiguration;
			buildSettings = {
				BUNDLE_LOADER = "$(BUILT_PRODUCTS_DIR)/bigtabledemo.app/bigtabledemo";
				FRAMEWORK_SEARCH_PATHS = (
					"$(SDKROOT)/Developer/Library/Frameworks",
					"$(inherited)",
					"$(DEVELOPER_FRAMEWORKS_DIR)",
				);
				GCC_PRECOMPILE_PREFIX_HEADER = YES;
				GCC_PREFIX_HEADER = "bigtabledemo/bigtabledemo-Prefix.pch";
				GCC_PREPROCESSOR_DEFINITIONS = (
					"DEBUG=1",
					"$(inherited)",
				);
				INFOPLIST_FILE = "bigtabledemoTests/bigtabledemoTests-Info.plist";
				PRODUCT_NAME = "$(TARGET_NAME)";
				TEST_HOST = "$(BUNDLE_LOADER)";
				WRAPPER_EXTENSION = xctest;
			};
			name = Debug;
		};
		BBB7C8A9196E2EFB002CDE41 /* Release */ = {
			isa = XCBuildConfiguration;
			buildSettings = {
				BUNDLE_LOADER = "$(BUILT_PRODUCTS_DIR)/bigtabledemo.app/bigtabledemo";
				FRAMEWORK_SEARCH_PATHS = (
					"$(SDKROOT)/Developer/Library/Frameworks",
					"$(inherited)",
					"$(DEVELOPER_FRAMEWORKS_DIR)",
				);
				GCC_PRECOMPILE_PREFIX_HEADER = YES;
				GCC_PREFIX_HEADER = "bigtabledemo/bigtabledemo-Prefix.pch";
				INFOPLIST_FILE = "bigtabledemoTests/bigtabledemoTests-Info.plist";
				PRODUCT_NAME = "$(TARGET_NAME)";
				TEST_HOST = "$(BUNDLE_LOADER)";
				WRAPPER_EXTENSION = xctest;
			};
			name = Release;
		};
/* End XCBuildConfiguration section */

/* Begin XCConfigurationList section */
		BBB7C873196E2EFA002CDE41 /* Build configuration list for PBXProject "bigtabledemo" */ = {
			isa = XCConfigurationList;
			buildConfigurations = (
				BBB7C8A2196E2EFB002CDE41 /* Debug */,
				BBB7C8A3196E2EFB002CDE41 /* Release */,
			);
			defaultConfigurationIsVisible = 0;
			defaultConfigurationName = Release;
		};
		BBB7C8A4196E2EFB002CDE41 /* Build configuration list for PBXNativeTarget "bigtabledemo" */ = {
			isa = XCConfigurationList;
			buildConfigurations = (
				BBB7C8A5196E2EFB002CDE41 /* Debug */,
				BBB7C8A6196E2EFB002CDE41 /* Release */,
			);
			defaultConfigurationIsVisible = 0;
			defaultConfigurationName = Release;
		};
		BBB7C8A7196E2EFB002CDE41 /* Build configuration list for PBXNativeTarget "bigtabledemoTests" */ = {
			isa = XCConfigurationList;
			buildConfigurations = (
				BBB7C8A8196E2EFB002CDE41 /* Debug */,
				BBB7C8A9196E2EFB002CDE41 /* Release */,
			);
			defaultConfigurationIsVisible = 0;
			defaultConfigurationName = Release;
		};
/* End XCConfigurationList section */
	};
	rootObject = BBB7C870196E2EFA002CDE41 /* Project object */;
}
